
Microsoft Visual Studio Solution File, Format Version 12.00
# Visual Studio 2012
Project("{8BC9CEB8-8B4A-11D0-8D11-00A0C91BC942}") = "ClientApp", "ClientApp\ClientApp.vcxproj", "{F46AE23F-4CF5-4087-9DEB-FC48A1EC10FC}"
EndProject
Global
	GlobalSection(SolutionConfigurationPlatforms) = preSolution
		Debug|Win32 = Debug|Win32
		Release|Win32 = Release|Win32
	EndGlobalSection
	GlobalSection(ProjectConfigurationPlatforms) = postSolution
		{F46AE23F-4CF5-4087-9DEB-FC48A1EC10FC}.Debug|Win32.ActiveCfg = Debug|Win32
		{F46AE23F-4CF5-4087-9DEB-FC48A1EC10FC}.Debug|Win32.Build.0 = Debug|Win32
		{F46AE23F-4CF5-4087-9DEB-FC48A1EC10FC}.Release|Win32.ActiveCfg = Release|Win32
		{F46AE23F-4CF5-4087-9DEB-FC48A1EC10FC}.Release|Win32.Build.0 = Release|Win32
	EndGlobalSection
	GlobalSection(SolutionProperties) = preSolution
		HideSolutionNode = FALSE
	EndGlobalSection
EndGlobal
